
Microsoft Visual Studio Solution File, Format Version 12.00
# Visual Studio Version 17
VisualStudioVersion = 17.7.34003.232
MinimumVisualStudioVersion = 10.0.40219.1
Project("{FAE04EC0-301F-11D3-BF4B-00C04F79EFBC}") = "VisualHomeBackend", "VisualHomeBackend\VisualHomeBackend.csproj", "{DDB8535F-0CC9-4FE1-9DF5-DC30A931C104}"
EndProject
Global
	GlobalSection(SolutionConfigurationPlatforms) = preSolution
		Debug|Any CPU = Debug|Any CPU
		Release|Any CPU = Release|Any CPU
	EndGlobalSection
	GlobalSection(ProjectConfigurationPlatforms) = postSolution
		{DDB8535F-0CC9-4FE1-9DF5-DC30A931C104}.Debug|Any CPU.ActiveCfg = Debug|Any CPU
		{DDB8535F-0CC9-4FE1-9DF5-DC30A931C104}.Debug|Any CPU.Build.0 = Debug|Any CPU
		{DDB8535F-0CC9-4FE1-9DF5-DC30A931C104}.Release|Any CPU.ActiveCfg = Release|Any CPU
		{DDB8535F-0CC9-4FE1-9DF5-DC30A931C104}.Release|Any CPU.Build.0 = Release|Any CPU
	EndGlobalSection
	GlobalSection(SolutionProperties) = preSolution
		HideSolutionNode = FALSE
	EndGlobalSection
	GlobalSection(ExtensibilityGlobals) = postSolution
		SolutionGuid = {5BF75854-5AF1-4729-87D7-75046A5C0227}
	EndGlobalSection
EndGlobal
